PODS:
  - Flutter (1.0.0)
  - watch_connectivity (0.0.1):
    - Flutter

DEPENDENCIES:
  - Flutter (from `Flutter`)
  - watch_connectivity (from `.symlinks/plugins/watch_connectivity/ios`)

EXTERNAL SOURCES:
  Flutter:
    :path: Flutter
  watch_connectivity:
    :path: ".symlinks/plugins/watch_connectivity/ios"

SPEC CHECKSUMS:
  Flutter: f04841e97a9d0b0a8025694d0796dd46242b2854
  watch_connectivity: 715eb484685e05846eab74795348a44bb2809b82

PODFILE CHECKSUM: 70d9d25280d0dd177a5f637cdb0f0b0b12c6a189

COCOAPODS: 1.12.1
